
Microsoft Visual Studio Solution File, Format Version 12.00
# Visual Studio 15
VisualStudioVersion = 15.0.27004.2006
MinimumVisualStudioVersion = 10.0.40219.1
Project("{FAE04EC0-301F-11D3-BF4B-00C04F79EFBC}") = "MaSib", "MaSib\MaSib.csproj", "{9364B0F2-AC47-439D-8183-67ADACF14E8E}"
EndProject
Project("{FAE04EC0-301F-11D3-BF4B-00C04F79EFBC}") = "MaSibTest", "MaSibTest\MaSibTest.csproj", "{7C706B23-4EAF-42DE-9711-3CAD44A05375}"
EndProject
Project("{FAE04EC0-301F-11D3-BF4B-00C04F79EFBC}") = "ExpSum", "LogUtils\ExperimentSummarizer\ExpSum.csproj", "{FF6E9E88-8980-4A40-B401-CB1C1A9776F0}"
EndProject
Project("{FAE04EC0-301F-11D3-BF4B-00C04F79EFBC}") = "Algorithms", "MaxSearchAlg\Algorithms.csproj", "{0C281233-428E-44DE-A7BE-3D1746DE7217}"
EndProject
Project("{FAE04EC0-301F-11D3-BF4B-00C04F79EFBC}") = "Common", "Commons\Common.csproj", "{B53FCCBE-730A-4FE3-BBD3-D92B97EC457C}"
EndProject
Project("{FAE04EC0-301F-11D3-BF4B-00C04F79EFBC}") = "Grid", "Grid\Grid.csproj", "{79FB8D3B-AECD-4BF6-A676-CC8640851D06}"
EndProject
Project("{FAE04EC0-301F-11D3-BF4B-00C04F79EFBC}") = "GridTest", "GridTest\GridTest.csproj", "{1957E401-1B97-4C36-8D8F-243580F2D75E}"
EndProject
Project("{2150E333-8FDC-42A3-9474-1A3956D46DE8}") = "Test", "Test", "{232DF79D-650C-4F33-97E3-9D62F3404DCE}"
EndProject
Project("{FAE04EC0-301F-11D3-BF4B-00C04F79EFBC}") = "CommonTest", "CommonTest\CommonTest.csproj", "{C73A6455-C2D0-4995-B374-2725ECF9678F}"
EndProject
Project("{FAE04EC0-301F-11D3-BF4B-00C04F79EFBC}") = "ExperimentRunner", "ExperimentRunner\ExperimentRunner.csproj", "{F8B4FE8F-566D-4560-BE06-2331AB40E311}"
EndProject
Project("{FAE04EC0-301F-11D3-BF4B-00C04F79EFBC}") = "DrawSolution", "LogUtils\DrawSolution\DrawSolution.csproj", "{C20CEE46-834D-41B6-894A-6E2D70B9EFED}"
EndProject
Global
	GlobalSection(SolutionConfigurationPlatforms) = preSolution
		Debug|Any CPU = Debug|Any CPU
		Debug|ARM = Debug|ARM
		Debug|x64 = Debug|x64
		Debug|x86 = Debug|x86
		Release|Any CPU = Release|Any CPU
		Release|ARM = Release|ARM
		Release|x64 = Release|x64
		Release|x86 = Release|x86
	EndGlobalSection
	GlobalSection(ProjectConfigurationPlatforms) = postSolution
		{9364B0F2-AC47-439D-8183-67ADACF14E8E}.Debug|Any CPU.ActiveCfg = Debug|Any CPU
		{9364B0F2-AC47-439D-8183-67ADACF14E8E}.Debug|Any CPU.Build.0 = Debug|Any CPU
		{9364B0F2-AC47-439D-8183-67ADACF14E8E}.Debug|ARM.ActiveCfg = Debug|Any CPU
		{9364B0F2-AC47-439D-8183-67ADACF14E8E}.Debug|ARM.Build.0 = Debug|Any CPU
		{9364B0F2-AC47-439D-8183-67ADACF14E8E}.Debug|x64.ActiveCfg = Debug|Any CPU
		{9364B0F2-AC47-439D-8183-67ADACF14E8E}.Debug|x64.Build.0 = Debug|Any CPU
		{9364B0F2-AC47-439D-8183-67ADACF14E8E}.Debug|x86.ActiveCfg = Debug|Any CPU
		{9364B0F2-AC47-439D-8183-67ADACF14E8E}.Debug|x86.Build.0 = Debug|Any CPU
		{9364B0F2-AC47-439D-8183-67ADACF14E8E}.Release|Any CPU.ActiveCfg = Release|Any CPU
		{9364B0F2-AC47-439D-8183-67ADACF14E8E}.Release|Any CPU.Build.0 = Release|Any CPU
		{9364B0F2-AC47-439D-8183-67ADACF14E8E}.Release|ARM.ActiveCfg = Release|Any CPU
		{9364B0F2-AC47-439D-8183-67ADACF14E8E}.Release|ARM.Build.0 = Release|Any CPU
		{9364B0F2-AC47-439D-8183-67ADACF14E8E}.Release|x64.ActiveCfg = Release|Any CPU
		{9364B0F2-AC47-439D-8183-67ADACF14E8E}.Release|x64.Build.0 = Release|Any CPU
		{9364B0F2-AC47-439D-8183-67ADACF14E8E}.Release|x86.ActiveCfg = Release|Any CPU
		{9364B0F2-AC47-439D-8183-67ADACF14E8E}.Release|x86.Build.0 = Release|Any CPU
		{7C706B23-4EAF-42DE-9711-3CAD44A05375}.Debug|Any CPU.ActiveCfg = Debug|Any CPU
		{7C706B23-4EAF-42DE-9711-3CAD44A05375}.Debug|Any CPU.Build.0 = Debug|Any CPU
		{7C706B23-4EAF-42DE-9711-3CAD44A05375}.Debug|ARM.ActiveCfg = Debug|Any CPU
		{7C706B23-4EAF-42DE-9711-3CAD44A05375}.Debug|ARM.Build.0 = Debug|Any CPU
		{7C706B23-4EAF-42DE-9711-3CAD44A05375}.Debug|x64.ActiveCfg = Debug|Any CPU
		{7C706B23-4EAF-42DE-9711-3CAD44A05375}.Debug|x64.Build.0 = Debug|Any CPU
		{7C706B23-4EAF-42DE-9711-3CAD44A05375}.Debug|x86.ActiveCfg = Debug|Any CPU
		{7C706B23-4EAF-42DE-9711-3CAD44A05375}.Debug|x86.Build.0 = Debug|Any CPU
		{7C706B23-4EAF-42DE-9711-3CAD44A05375}.Release|Any CPU.ActiveCfg = Release|Any CPU
		{7C706B23-4EAF-42DE-9711-3CAD44A05375}.Release|Any CPU.Build.0 = Release|Any CPU
		{7C706B23-4EAF-42DE-9711-3CAD44A05375}.Release|ARM.ActiveCfg = Release|Any CPU
		{7C706B23-4EAF-42DE-9711-3CAD44A05375}.Release|ARM.Build.0 = Release|Any CPU
		{7C706B23-4EAF-42DE-9711-3CAD44A05375}.Release|x64.ActiveCfg = Release|Any CPU
		{7C706B23-4EAF-42DE-9711-3CAD44A05375}.Release|x64.Build.0 = Release|Any CPU
		{7C706B23-4EAF-42DE-9711-3CAD44A05375}.Release|x86.ActiveCfg = Release|Any CPU
		{7C706B23-4EAF-42DE-9711-3CAD44A05375}.Release|x86.Build.0 = Release|Any CPU
		{FF6E9E88-8980-4A40-B401-CB1C1A9776F0}.Debug|Any CPU.ActiveCfg = Debug|Any CPU
		{FF6E9E88-8980-4A40-B401-CB1C1A9776F0}.Debug|Any CPU.Build.0 = Debug|Any CPU
		{FF6E9E88-8980-4A40-B401-CB1C1A9776F0}.Debug|ARM.ActiveCfg = Debug|Any CPU
		{FF6E9E88-8980-4A40-B401-CB1C1A9776F0}.Debug|ARM.Build.0 = Debug|Any CPU
		{FF6E9E88-8980-4A40-B401-CB1C1A9776F0}.Debug|x64.ActiveCfg = Debug|Any CPU
		{FF6E9E88-8980-4A40-B401-CB1C1A9776F0}.Debug|x64.Build.0 = Debug|Any CPU
		{FF6E9E88-8980-4A40-B401-CB1C1A9776F0}.Debug|x86.ActiveCfg = Debug|Any CPU
		{FF6E9E88-8980-4A40-B401-CB1C1A9776F0}.Debug|x86.Build.0 = Debug|Any CPU
		{FF6E9E88-8980-4A40-B401-CB1C1A9776F0}.Release|Any CPU.ActiveCfg = Release|Any CPU
		{FF6E9E88-8980-4A40-B401-CB1C1A9776F0}.Release|Any CPU.Build.0 = Release|Any CPU
		{FF6E9E88-8980-4A40-B401-CB1C1A9776F0}.Release|ARM.ActiveCfg = Release|Any CPU
		{FF6E9E88-8980-4A40-B401-CB1C1A9776F0}.Release|ARM.Build.0 = Release|Any CPU
		{FF6E9E88-8980-4A40-B401-CB1C1A9776F0}.Release|x64.ActiveCfg = Release|Any CPU
		{FF6E9E88-8980-4A40-B401-CB1C1A9776F0}.Release|x64.Build.0 = Release|Any CPU
		{FF6E9E88-8980-4A40-B401-CB1C1A9776F0}.Release|x86.ActiveCfg = Release|Any CPU
		{FF6E9E88-8980-4A40-B401-CB1C1A9776F0}.Release|x86.Build.0 = Release|Any CPU
		{0C281233-428E-44DE-A7BE-3D1746DE7217}.Debug|Any CPU.ActiveCfg = Debug|Any CPU
		{0C281233-428E-44DE-A7BE-3D1746DE7217}.Debug|Any CPU.Build.0 = Debug|Any CPU
		{0C281233-428E-44DE-A7BE-3D1746DE7217}.Debug|ARM.ActiveCfg = Debug|Any CPU
		{0C281233-428E-44DE-A7BE-3D1746DE7217}.Debug|ARM.Build.0 = Debug|Any CPU
		{0C281233-428E-44DE-A7BE-3D1746DE7217}.Debug|x64.ActiveCfg = Debug|Any CPU
		{0C281233-428E-44DE-A7BE-3D1746DE7217}.Debug|x64.Build.0 = Debug|Any CPU
		{0C281233-428E-44DE-A7BE-3D1746DE7217}.Debug|x86.ActiveCfg = Debug|Any CPU
		{0C281233-428E-44DE-A7BE-3D1746DE7217}.Debug|x86.Build.0 = Debug|Any CPU
		{0C281233-428E-44DE-A7BE-3D1746DE7217}.Release|Any CPU.ActiveCfg = Release|Any CPU
		{0C281233-428E-44DE-A7BE-3D1746DE7217}.Release|Any CPU.Build.0 = Release|Any CPU
		{0C281233-428E-44DE-A7BE-3D1746DE7217}.Release|ARM.ActiveCfg = Release|Any CPU
		{0C281233-428E-44DE-A7BE-3D1746DE7217}.Release|ARM.Build.0 = Release|Any CPU
		{0C281233-428E-44DE-A7BE-3D1746DE7217}.Release|x64.ActiveCfg = Release|Any CPU
		{0C281233-428E-44DE-A7BE-3D1746DE7217}.Release|x64.Build.0 = Release|Any CPU
		{0C281233-428E-44DE-A7BE-3D1746DE7217}.Release|x86.ActiveCfg = Release|Any CPU
		{0C281233-428E-44DE-A7BE-3D1746DE7217}.Release|x86.Build.0 = Release|Any CPU
		{B53FCCBE-730A-4FE3-BBD3-D92B97EC457C}.Debug|Any CPU.ActiveCfg = Debug|Any CPU
		{B53FCCBE-730A-4FE3-BBD3-D92B97EC457C}.Debug|Any CPU.Build.0 = Debug|Any CPU
		{B53FCCBE-730A-4FE3-BBD3-D92B97EC457C}.Debug|ARM.ActiveCfg = Debug|Any CPU
		{B53FCCBE-730A-4FE3-BBD3-D92B97EC457C}.Debug|ARM.Build.0 = Debug|Any CPU
		{B53FCCBE-730A-4FE3-BBD3-D92B97EC457C}.Debug|x64.ActiveCfg = Debug|Any CPU
		{B53FCCBE-730A-4FE3-BBD3-D92B97EC457C}.Debug|x64.Build.0 = Debug|Any CPU
		{B53FCCBE-730A-4FE3-BBD3-D92B97EC457C}.Debug|x86.ActiveCfg = Debug|Any CPU
		{B53FCCBE-730A-4FE3-BBD3-D92B97EC457C}.Debug|x86.Build.0 = Debug|Any CPU
		{B53FCCBE-730A-4FE3-BBD3-D92B97EC457C}.Release|Any CPU.ActiveCfg = Release|Any CPU
		{B53FCCBE-730A-4FE3-BBD3-D92B97EC457C}.Release|Any CPU.Build.0 = Release|Any CPU
		{B53FCCBE-730A-4FE3-BBD3-D92B97EC457C}.Release|ARM.ActiveCfg = Release|Any CPU
		{B53FCCBE-730A-4FE3-BBD3-D92B97EC457C}.Release|ARM.Build.0 = Release|Any CPU
		{B53FCCBE-730A-4FE3-BBD3-D92B97EC457C}.Release|x64.ActiveCfg = Release|Any CPU
		{B53FCCBE-730A-4FE3-BBD3-D92B97EC457C}.Release|x64.Build.0 = Release|Any CPU
		{B53FCCBE-730A-4FE3-BBD3-D92B97EC457C}.Release|x86.ActiveCfg = Release|Any CPU
		{B53FCCBE-730A-4FE3-BBD3-D92B97EC457C}.Release|x86.Build.0 = Release|Any CPU
		{79FB8D3B-AECD-4BF6-A676-CC8640851D06}.Debug|Any CPU.ActiveCfg = Debug|Any CPU
		{79FB8D3B-AECD-4BF6-A676-CC8640851D06}.Debug|Any CPU.Build.0 = Debug|Any CPU
		{79FB8D3B-AECD-4BF6-A676-CC8640851D06}.Debug|ARM.ActiveCfg = Debug|Any CPU
		{79FB8D3B-AECD-4BF6-A676-CC8640851D06}.Debug|ARM.Build.0 = Debug|Any CPU
		{79FB8D3B-AECD-4BF6-A676-CC8640851D06}.Debug|x64.ActiveCfg = Debug|Any CPU
		{79FB8D3B-AECD-4BF6-A676-CC8640851D06}.Debug|x64.Build.0 = Debug|Any CPU
		{79FB8D3B-AECD-4BF6-A676-CC8640851D06}.Debug|x86.ActiveCfg = Debug|Any CPU
		{79FB8D3B-AECD-4BF6-A676-CC8640851D06}.Debug|x86.Build.0 = Debug|Any CPU
		{79FB8D3B-AECD-4BF6-A676-CC8640851D06}.Release|Any CPU.ActiveCfg = Release|Any CPU
		{79FB8D3B-AECD-4BF6-A676-CC8640851D06}.Release|Any CPU.Build.0 = Release|Any CPU
		{79FB8D3B-AECD-4BF6-A676-CC8640851D06}.Release|ARM.ActiveCfg = Release|Any CPU
		{79FB8D3B-AECD-4BF6-A676-CC8640851D06}.Release|ARM.Build.0 = Release|Any CPU
		{79FB8D3B-AECD-4BF6-A676-CC8640851D06}.Release|x64.ActiveCfg = Release|Any CPU
		{79FB8D3B-AECD-4BF6-A676-CC8640851D06}.Release|x64.Build.0 = Release|Any CPU
		{79FB8D3B-AECD-4BF6-A676-CC8640851D06}.Release|x86.ActiveCfg = Release|Any CPU
		{79FB8D3B-AECD-4BF6-A676-CC8640851D06}.Release|x86.Build.0 = Release|Any CPU
		{1957E401-1B97-4C36-8D8F-243580F2D75E}.Debug|Any CPU.ActiveCfg = Debug|Any CPU
		{1957E401-1B97-4C36-8D8F-243580F2D75E}.Debug|Any CPU.Build.0 = Debug|Any CPU
		{1957E401-1B97-4C36-8D8F-243580F2D75E}.Debug|ARM.ActiveCfg = Debug|Any CPU
		{1957E401-1B97-4C36-8D8F-243580F2D75E}.Debug|ARM.Build.0 = Debug|Any CPU
		{1957E401-1B97-4C36-8D8F-243580F2D75E}.Debug|x64.ActiveCfg = Debug|Any CPU
		{1957E401-1B97-4C36-8D8F-243580F2D75E}.Debug|x64.Build.0 = Debug|Any CPU
		{1957E401-1B97-4C36-8D8F-243580F2D75E}.Debug|x86.ActiveCfg = Debug|Any CPU
		{1957E401-1B97-4C36-8D8F-243580F2D75E}.Debug|x86.Build.0 = Debug|Any CPU
		{1957E401-1B97-4C36-8D8F-243580F2D75E}.Release|Any CPU.ActiveCfg = Release|Any CPU
		{1957E401-1B97-4C36-8D8F-243580F2D75E}.Release|Any CPU.Build.0 = Release|Any CPU
		{1957E401-1B97-4C36-8D8F-243580F2D75E}.Release|ARM.ActiveCfg = Release|Any CPU
		{1957E401-1B97-4C36-8D8F-243580F2D75E}.Release|ARM.Build.0 = Release|Any CPU
		{1957E401-1B97-4C36-8D8F-243580F2D75E}.Release|x64.ActiveCfg = Release|Any CPU
		{1957E401-1B97-4C36-8D8F-243580F2D75E}.Release|x64.Build.0 = Release|Any CPU
		{1957E401-1B97-4C36-8D8F-243580F2D75E}.Release|x86.ActiveCfg = Release|Any CPU
		{1957E401-1B97-4C36-8D8F-243580F2D75E}.Release|x86.Build.0 = Release|Any CPU
		{C73A6455-C2D0-4995-B374-2725ECF9678F}.Debug|Any CPU.ActiveCfg = Debug|Any CPU
		{C73A6455-C2D0-4995-B374-2725ECF9678F}.Debug|Any CPU.Build.0 = Debug|Any CPU
		{C73A6455-C2D0-4995-B374-2725ECF9678F}.Debug|ARM.ActiveCfg = Debug|Any CPU
		{C73A6455-C2D0-4995-B374-2725ECF9678F}.Debug|ARM.Build.0 = Debug|Any CPU
		{C73A6455-C2D0-4995-B374-2725ECF9678F}.Debug|x64.ActiveCfg = Debug|Any CPU
		{C73A6455-C2D0-4995-B374-2725ECF9678F}.Debug|x64.Build.0 = Debug|Any CPU
		{C73A6455-C2D0-4995-B374-2725ECF9678F}.Debug|x86.ActiveCfg = Debug|Any CPU
		{C73A6455-C2D0-4995-B374-2725ECF9678F}.Debug|x86.Build.0 = Debug|Any CPU
		{C73A6455-C2D0-4995-B374-2725ECF9678F}.Release|Any CPU.ActiveCfg = Release|Any CPU
		{C73A6455-C2D0-4995-B374-2725ECF9678F}.Release|Any CPU.Build.0 = Release|Any CPU
		{C73A6455-C2D0-4995-B374-2725ECF9678F}.Release|ARM.ActiveCfg = Release|Any CPU
		{C73A6455-C2D0-4995-B374-2725ECF9678F}.Release|ARM.Build.0 = Release|Any CPU
		{C73A6455-C2D0-4995-B374-2725ECF9678F}.Release|x64.ActiveCfg = Release|Any CPU
		{C73A6455-C2D0-4995-B374-2725ECF9678F}.Release|x64.Build.0 = Release|Any CPU
		{C73A6455-C2D0-4995-B374-2725ECF9678F}.Release|x86.ActiveCfg = Release|Any CPU
		{C73A6455-C2D0-4995-B374-2725ECF9678F}.Release|x86.Build.0 = Release|Any CPU
		{F8B4FE8F-566D-4560-BE06-2331AB40E311}.Debug|Any CPU.ActiveCfg = Debug|Any CPU
		{F8B4FE8F-566D-4560-BE06-2331AB40E311}.Debug|Any CPU.Build.0 = Debug|Any CPU
		{F8B4FE8F-566D-4560-BE06-2331AB40E311}.Debug|ARM.ActiveCfg = Debug|Any CPU
		{F8B4FE8F-566D-4560-BE06-2331AB40E311}.Debug|ARM.Build.0 = Debug|Any CPU
		{F8B4FE8F-566D-4560-BE06-2331AB40E311}.Debug|x64.ActiveCfg = Debug|Any CPU
		{F8B4FE8F-566D-4560-BE06-2331AB40E311}.Debug|x64.Build.0 = Debug|Any CPU
		{F8B4FE8F-566D-4560-BE06-2331AB40E311}.Debug|x86.ActiveCfg = Debug|Any CPU
		{F8B4FE8F-566D-4560-BE06-2331AB40E311}.Debug|x86.Build.0 = Debug|Any CPU
		{F8B4FE8F-566D-4560-BE06-2331AB40E311}.Release|Any CPU.ActiveCfg = Release|Any CPU
		{F8B4FE8F-566D-4560-BE06-2331AB40E311}.Release|Any CPU.Build.0 = Release|Any CPU
		{F8B4FE8F-566D-4560-BE06-2331AB40E311}.Release|ARM.ActiveCfg = Release|Any CPU
		{F8B4FE8F-566D-4560-BE06-2331AB40E311}.Release|ARM.Build.0 = Release|Any CPU
		{F8B4FE8F-566D-4560-BE06-2331AB40E311}.Release|x64.ActiveCfg = Release|Any CPU
		{F8B4FE8F-566D-4560-BE06-2331AB40E311}.Release|x64.Build.0 = Release|Any CPU
		{F8B4FE8F-566D-4560-BE06-2331AB40E311}.Release|x86.ActiveCfg = Release|Any CPU
		{F8B4FE8F-566D-4560-BE06-2331AB40E311}.Release|x86.Build.0 = Release|Any CPU
		{C20CEE46-834D-41B6-894A-6E2D70B9EFED}.Debug|Any CPU.ActiveCfg = Debug|Any CPU
		{C20CEE46-834D-41B6-894A-6E2D70B9EFED}.Debug|Any CPU.Build.0 = Debug|Any CPU
		{C20CEE46-834D-41B6-894A-6E2D70B9EFED}.Debug|ARM.ActiveCfg = Debug|Any CPU
		{C20CEE46-834D-41B6-894A-6E2D70B9EFED}.Debug|ARM.Build.0 = Debug|Any CPU
		{C20CEE46-834D-41B6-894A-6E2D70B9EFED}.Debug|x64.ActiveCfg = Debug|Any CPU
		{C20CEE46-834D-41B6-894A-6E2D70B9EFED}.Debug|x64.Build.0 = Debug|Any CPU
		{C20CEE46-834D-41B6-894A-6E2D70B9EFED}.Debug|x86.ActiveCfg = Debug|Any CPU
		{C20CEE46-834D-41B6-894A-6E2D70B9EFED}.Debug|x86.Build.0 = Debug|Any CPU
		{C20CEE46-834D-41B6-894A-6E2D70B9EFED}.Release|Any CPU.ActiveCfg = Release|Any CPU
		{C20CEE46-834D-41B6-894A-6E2D70B9EFED}.Release|Any CPU.Build.0 = Release|Any CPU
		{C20CEE46-834D-41B6-894A-6E2D70B9EFED}.Release|ARM.ActiveCfg = Release|Any CPU
		{C20CEE46-834D-41B6-894A-6E2D70B9EFED}.Release|ARM.Build.0 = Release|Any CPU
		{C20CEE46-834D-41B6-894A-6E2D70B9EFED}.Release|x64.ActiveCfg = Release|Any CPU
		{C20CEE46-834D-41B6-894A-6E2D70B9EFED}.Release|x64.Build.0 = Release|Any CPU
		{C20CEE46-834D-41B6-894A-6E2D70B9EFED}.Release|x86.ActiveCfg = Release|Any CPU
		{C20CEE46-834D-41B6-894A-6E2D70B9EFED}.Release|x86.Build.0 = Release|Any CPU
	EndGlobalSection
	GlobalSection(SolutionProperties) = preSolution
		HideSolutionNode = FALSE
	EndGlobalSection
	GlobalSection(NestedProjects) = preSolution
		{7C706B23-4EAF-42DE-9711-3CAD44A05375} = {232DF79D-650C-4F33-97E3-9D62F3404DCE}
		{1957E401-1B97-4C36-8D8F-243580F2D75E} = {232DF79D-650C-4F33-97E3-9D62F3404DCE}
		{C73A6455-C2D0-4995-B374-2725ECF9678F} = {232DF79D-650C-4F33-97E3-9D62F3404DCE}
	EndGlobalSection
	GlobalSection(ExtensibilityGlobals) = postSolution
		SolutionGuid = {9EB8991B-ACFA-4684-A322-F2C47EEC79D9}
	EndGlobalSection
EndGlobal
